[[package]]
name = "appnope"
version = "0.1.3"
description = "Disable App Nap on macOS >= 10.9"
category = "dev"
optional = false
python-versions = "*"

[[package]]
name = "arrow"
version = "1.2.3"
description = "Better dates & times for Python"
category = "main"
optional = false
python-versions = ">=3.6"

[package.dependencies]
python-dateutil = ">=2.7.0"

[[package]]
name = "asttokens"
version = "2.0.8"
description = "Annotate AST trees with source code positions"
category = "dev"
optional = false
python-versions = "*"

[package.dependencies]
six = "*"

[package.extras]
test = ["astroid (<=2.5.3)", "pytest"]

[[package]]
name = "attr"
version = "0.3.2"
description = "Simple decorator to set attributes of target function or class in a DRY way."
category = "main"
optional = false
python-versions = "*"

[[package]]
name = "attrs"
version = "22.1.0"
description = "Classes Without Boilerplate"
category = "main"
optional = false
python-versions = ">=3.5"

[package.extras]
dev = ["cloudpickle", "coverage[toml] (>=5.0.2)", "furo", "hypothesis", "mypy (>=0.900,!=0.940)", "pre-commit", "pympler", "pytest (>=4.3.0)", "pytest-mypy-plugins", "sphinx", "sphinx-notfound-page", "zope.interface"]
docs = ["furo", "sphinx", "sphinx-notfound-page", "zope.interface"]
tests = ["cloudpickle", "coverage[toml] (>=5.0.2)", "hypothesis", "mypy (>=0.900,!=0.940)", "pympler", "pytest (>=4.3.0)", "pytest-mypy-plugins", "zope.interface"]
tests-no-zope = ["cloudpickle", "coverage[toml] (>=5.0.2)", "hypothesis", "mypy (>=0.900,!=0.940)", "pympler", "pytest (>=4.3.0)", "pytest-mypy-plugins"]

[[package]]
name = "backcall"
version = "0.2.0"
description = "Specifications for callback functions passed in to an API"
category = "dev"
optional = false
python-versions = "*"

[[package]]
name = "cachetools"
version = "5.2.0"
description = "Extensible memoizing collections and decorators"
category = "main"
optional = false
python-versions = "~=3.7"

[[package]]
name = "certifi"
version = "2022.12.7"
description = "Python package for providing Mozilla's CA Bundle."
category = "main"
optional = false
python-versions = ">=3.6"

[[package]]
name = "charset-normalizer"
version = "2.1.1"
description = "The Real First Universal Charset Detector. Open, modern and actively maintained alternative to Chardet."
category = "main"
optional = false
python-versions = ">=3.6.0"

[package.extras]
unicode-backport = ["unicodedata2"]

[[package]]
name = "click"
version = "8.1.3"
description = "Composable command line interface toolkit"
category = "main"
optional = false
python-versions = ">=3.7"

[package.dependencies]
colorama = {version = "*", markers = "platform_system == \"Windows\""}

[[package]]
name = "colorama"
version = "0.4.4"
description = "Cross-platform colored terminal text."
category = "main"
optional = false
python-versions = ">=2.7, !=3.0.*, !=3.1.*, !=3.2.*, !=3.3.*, !=3.4.*"

[[package]]
name = "decorator"
version = "5.1.1"
description = "Decorators for Humans"
category = "dev"
optional = false
python-versions = ">=3.5"

[[package]]
name = "exceptiongroup"
version = "1.0.4"
description = "Backport of PEP 654 (exception groups)"
category = "dev"
optional = false
python-versions = ">=3.7"

[package.extras]
test = ["pytest (>=6)"]

[[package]]
name = "executing"
version = "1.1.1"
description = "Get the currently executing AST node of a frame, and other information"
category = "dev"
optional = false
python-versions = "*"

[package.extras]
tests = ["asttokens", "littleutils", "pytest", "rich"]

[[package]]
name = "google-api-core"
version = "2.10.2"
description = "Google API client core library"
category = "main"
optional = false
python-versions = ">=3.7"

[package.dependencies]
google-auth = ">=1.25.0,<3.0dev"
googleapis-common-protos = ">=1.56.2,<2.0dev"
protobuf = ">=3.19.5,<3.20.0 || >3.20.0,<3.20.1 || >3.20.1,<4.21.0 || >4.21.0,<4.21.1 || >4.21.1,<4.21.2 || >4.21.2,<4.21.3 || >4.21.3,<4.21.4 || >4.21.4,<4.21.5 || >4.21.5,<5.0.0dev"
requests = ">=2.18.0,<3.0.0dev"

[package.extras]
grpc = ["grpcio (>=1.33.2,<2.0dev)", "grpcio-status (>=1.33.2,<2.0dev)"]
grpcgcp = ["grpcio-gcp (>=0.2.2,<1.0dev)"]
grpcio-gcp = ["grpcio-gcp (>=0.2.2,<1.0dev)"]

[[package]]
name = "google-api-python-client"
version = "2.65.0"
description = "Google API Client Library for Python"
category = "main"
optional = false
python-versions = ">=3.7"

[package.dependencies]
google-api-core = ">=1.31.5,<2.0.0 || >2.3.0,<3.0.0dev"
google-auth = ">=1.19.0,<3.0.0dev"
google-auth-httplib2 = ">=0.1.0"
httplib2 = ">=0.15.0,<1dev"
uritemplate = ">=3.0.1,<5"

[[package]]
name = "google-auth"
version = "2.13.0"
description = "Google Authentication Library"
category = "main"
optional = false
python-versions = ">=2.7,!=3.0.*,!=3.1.*,!=3.2.*,!=3.3.*,!=3.4.*,!=3.5.*"

[package.dependencies]
cachetools = ">=2.0.0,<6.0"
pyasn1-modules = ">=0.2.1"
rsa = {version = ">=3.1.4,<5", markers = "python_version >= \"3.6\""}
six = ">=1.9.0"

[package.extras]
aiohttp = ["aiohttp (>=3.6.2,<4.0.0dev)", "requests (>=2.20.0,<3.0.0dev)"]
enterprise-cert = ["cryptography (==36.0.2)", "pyopenssl (==22.0.0)"]
pyopenssl = ["pyopenssl (>=20.0.0)"]
reauth = ["pyu2f (>=0.1.5)"]

[[package]]
name = "google-auth-httplib2"
version = "0.1.0"
description = "Google Authentication Library: httplib2 transport"
category = "main"
optional = false
python-versions = "*"

[package.dependencies]
google-auth = "*"
httplib2 = ">=0.15.0"
six = "*"

[[package]]
name = "googleapis-common-protos"
version = "1.56.4"
description = "Common protobufs used in Google APIs"
category = "main"
optional = false
python-versions = ">=3.7"

[package.dependencies]
protobuf = ">=3.15.0,<5.0.0dev"

[package.extras]
grpc = ["grpcio (>=1.0.0,<2.0.0dev)"]

[[package]]
name = "httplib2"
version = "0.20.4"
description = "A comprehensive HTTP client library."
category = "main"
optional = false
python-versions = ">=2.7, !=3.0.*, !=3.1.*, !=3.2.*, !=3.3.*"

[package.dependencies]
pyparsing = {version = ">=2.4.2,<3.0.0 || >3.0.0,<3.0.1 || >3.0.1,<3.0.2 || >3.0.2,<3.0.3 || >3.0.3,<4", markers = "python_version > \"3.0\""}

[[package]]
name = "ibis"
version = "3.2.0"
description = "A template engine for people who enjoy the simpler things in life."
category = "main"
optional = false
python-versions = ">=3.8"

[[package]]
name = "ics"
version = "0.7.2"
description = "Python icalendar (rfc5545) parser"
category = "main"
optional = false
python-versions = "*"

[package.dependencies]
arrow = ">=0.11"
attrs = ">=19.1.0"
python-dateutil = "*"
six = ">1.5"
tatsu = ">4.2"

[[package]]
name = "idna"
version = "3.4"
description = "Internationalized Domain Names in Applications (IDNA)"
category = "main"
optional = false
python-versions = ">=3.5"

[[package]]
name = "iniconfig"
version = "1.1.1"
description = "iniconfig: brain-dead simple config-ini parsing"
category = "dev"
optional = false
python-versions = "*"

[[package]]
name = "ipdb"
version = "0.13.9"
description = "IPython-enabled pdb"
category = "dev"
optional = false
python-versions = ">=2.7"

[package.dependencies]
decorator = {version = "*", markers = "python_version > \"3.6\""}
ipython = {version = ">=7.17.0", markers = "python_version > \"3.6\""}
setuptools = "*"
toml = {version = ">=0.10.2", markers = "python_version > \"3.6\""}

[[package]]
name = "ipython"
version = "8.5.0"
description = "IPython: Productive Interactive Computing"
category = "dev"
optional = false
python-versions = ">=3.8"

[package.dependencies]
appnope = {version = "*", markers = "sys_platform == \"darwin\""}
backcall = "*"
colorama = {version = "*", markers = "sys_platform == \"win32\""}
decorator = "*"
jedi = ">=0.16"
matplotlib-inline = "*"
pexpect = {version = ">4.3", markers = "sys_platform != \"win32\""}
pickleshare = "*"
prompt-toolkit = ">3.0.1,<3.1.0"
pygments = ">=2.4.0"
stack-data = "*"
traitlets = ">=5"

[package.extras]
all = ["Sphinx (>=1.3)", "black", "curio", "ipykernel", "ipyparallel", "ipywidgets", "matplotlib (!=3.2.0)", "nbconvert", "nbformat", "notebook", "numpy (>=1.19)", "pandas", "pytest (<7.1)", "pytest-asyncio", "qtconsole", "testpath", "trio"]
black = ["black"]
doc = ["Sphinx (>=1.3)"]
kernel = ["ipykernel"]
nbconvert = ["nbconvert"]
nbformat = ["nbformat"]
notebook = ["ipywidgets", "notebook"]
parallel = ["ipyparallel"]
qtconsole = ["qtconsole"]
test = ["pytest (<7.1)", "pytest-asyncio", "testpath"]
test-extra = ["curio", "matplotlib (!=3.2.0)", "nbformat", "numpy (>=1.19)", "pandas", "pytest (<7.1)", "pytest-asyncio", "testpath", "trio"]

[[package]]
name = "isort"
version = "5.10.1"
description = "A Python utility / library to sort Python imports."
category = "dev"
optional = false
python-versions = ">=3.6.1,<4.0"

[package.extras]
colors = ["colorama (>=0.4.3,<0.5.0)"]
pipfile-deprecated-finder = ["pipreqs", "requirementslib"]
plugins = ["setuptools"]
requirements-deprecated-finder = ["pip-api", "pipreqs"]

[[package]]
name = "jedi"
version = "0.18.1"
description = "An autocompletion tool for Python that can be used for text editors."
category = "dev"
optional = false
python-versions = ">=3.6"

[package.dependencies]
parso = ">=0.8.0,<0.9.0"

[package.extras]
qa = ["flake8 (==3.8.3)", "mypy (==0.782)"]
testing = ["Django (<3.1)", "colorama", "docopt", "pytest (<7.0.0)"]

[[package]]
name = "loguru"
version = "0.6.0"
description = "Python logging made (stupidly) simple"
category = "main"
optional = false
python-versions = ">=3.5"

[package.dependencies]
colorama = {version = ">=0.3.4", markers = "sys_platform == \"win32\""}
win32-setctime = {version = ">=1.0.0", markers = "sys_platform == \"win32\""}

[package.extras]
dev = ["Sphinx (>=4.1.1)", "black (>=19.10b0)", "colorama (>=0.3.4)", "docutils (==0.16)", "flake8 (>=3.7.7)", "isort (>=5.1.1)", "pytest (>=4.6.2)", "pytest-cov (>=2.7.1)", "sphinx-autobuild (>=0.7.1)", "sphinx-rtd-theme (>=0.4.3)", "tox (>=3.9.0)"]

[[package]]
name = "matplotlib-inline"
version = "0.1.6"
description = "Inline Matplotlib backend for Jupyter"
category = "dev"
optional = false
python-versions = ">=3.5"

[package.dependencies]
traitlets = "*"

[[package]]
name = "packaging"
version = "21.3"
description = "Core utilities for Python packages"
category = "dev"
optional = false
python-versions = ">=3.6"

[package.dependencies]
pyparsing = ">=2.0.2,<3.0.5 || >3.0.5"

[[package]]
name = "parso"
version = "0.8.3"
description = "A Python Parser"
category = "dev"
optional = false
python-versions = ">=3.6"

[package.extras]
qa = ["flake8 (==3.8.3)", "mypy (==0.782)"]
testing = ["docopt", "pytest (<6.0.0)"]

[[package]]
name = "pexpect"
version = "4.8.0"
description = "Pexpect allows easy control of interactive console applications."
category = "dev"
optional = false
python-versions = "*"

[package.dependencies]
ptyprocess = ">=0.5"

[[package]]
name = "pickleshare"
version = "0.7.5"
description = "Tiny 'shelve'-like database with concurrency support"
category = "dev"
optional = false
python-versions = "*"

[[package]]
name = "pluggy"
version = "1.0.0"
description = "plugin and hook calling mechanisms for python"
category = "dev"
optional = false
python-versions = ">=3.6"

[package.extras]
dev = ["pre-commit", "tox"]
testing = ["pytest", "pytest-benchmark"]

[[package]]
name = "prompt-toolkit"
version = "3.0.31"
description = "Library for building powerful interactive command lines in Python"
category = "dev"
optional = false
python-versions = ">=3.6.2"

[package.dependencies]
wcwidth = "*"

[[package]]
name = "protobuf"
version = "4.21.9"
description = ""
category = "main"
optional = false
python-versions = ">=3.7"

[[package]]
name = "ptyprocess"
version = "0.7.0"
description = "Run a subprocess in a pseudo terminal"
category = "dev"
optional = false
python-versions = "*"

[[package]]
name = "pure-eval"
version = "0.2.2"
description = "Safely evaluate AST nodes without side effects"
category = "dev"
optional = false
python-versions = "*"

[package.extras]
tests = ["pytest"]

[[package]]
name = "pyasn1"
version = "0.4.8"
description = "ASN.1 types and codecs"
category = "main"
optional = false
python-versions = "*"

[[package]]
name = "pyasn1-modules"
version = "0.2.8"
description = "A collection of ASN.1-based protocols modules."
category = "main"
optional = false
python-versions = "*"

[package.dependencies]
pyasn1 = ">=0.4.6,<0.5.0"

[[package]]
name = "pygments"
version = "2.13.0"
description = "Pygments is a syntax highlighting package written in Python."
category = "dev"
optional = false
python-versions = ">=3.6"

[package.extras]
plugins = ["importlib-metadata"]

[[package]]
name = "pyparsing"
version = "3.0.9"
description = "pyparsing module - Classes and methods to define and execute parsing grammars"
category = "main"
optional = false
python-versions = ">=3.6.8"

[package.extras]
diagrams = ["jinja2", "railroad-diagrams"]

[[package]]
name = "pytest"
version = "7.2.0"
description = "pytest: simple powerful testing with Python"
category = "dev"
optional = false
python-versions = ">=3.7"

[package.dependencies]
attrs = ">=19.2.0"
colorama = {version = "*", markers = "sys_platform == \"win32\""}
exceptiongroup = {version = ">=1.0.0rc8", markers = "python_version < \"3.11\""}
iniconfig = "*"
packaging = "*"
pluggy = ">=0.12,<2.0"
tomli = {version = ">=1.0.0", markers = "python_version < \"3.11\""}

[package.extras]
testing = ["argcomplete", "hypothesis (>=3.56)", "mock", "nose", "pygments (>=2.7.2)", "requests", "xmlschema"]

[[package]]
name = "python-dateutil"
version = "2.8.2"
description = "Extensions to the standard Python datetime module"
category = "main"
optional = false
python-versions = "!=3.0.*,!=3.1.*,!=3.2.*,>=2.7"

[package.dependencies]
six = ">=1.5"

[[package]]
name = "python-decouple"
version = "3.6"
description = "Strict separation of settings from code."
category = "main"
optional = false
python-versions = "*"

[[package]]
name = "rcssmin"
version = "1.1.1"
description = "CSS Minifier"
category = "main"
optional = false
python-versions = "*"

[[package]]
name = "requests"
version = "2.28.1"
description = "Python HTTP for Humans."
category = "main"
optional = false
python-versions = ">=3.7, <4"

[package.dependencies]
certifi = ">=2017.4.17"
charset-normalizer = ">=2,<3"
idna = ">=2.5,<4"
urllib3 = ">=1.21.1,<1.27"

[package.extras]
socks = ["PySocks (>=1.5.6,!=1.5.7)"]
use-chardet-on-py3 = ["chardet (>=3.0.2,<6)"]

[[package]]
name = "rsa"
version = "4.9"
description = "Pure-Python RSA implementation"
category = "main"
optional = false
python-versions = ">=3.6,<4"

[package.dependencies]
pyasn1 = ">=0.1.3"

[[package]]
name = "setuptools"
version = "65.6.3"
description = "Easily download, build, install, upgrade, and uninstall Python packages"
category = "dev"
optional = false
python-versions = ">=3.7"

[package.extras]
docs = ["furo", "jaraco.packaging (>=9)", "jaraco.tidelift (>=1.4)", "pygments-github-lexers (==0.0.5)", "rst.linker (>=1.9)", "sphinx (>=3.5)", "sphinx-favicon", "sphinx-hoverxref (<2)", "sphinx-inline-tabs", "sphinx-notfound-page (==0.8.3)", "sphinx-reredirects", "sphinxcontrib-towncrier"]
testing = ["build[virtualenv]", "filelock (>=3.4.0)", "flake8 (<5)", "flake8-2020", "ini2toml[lite] (>=0.9)", "jaraco.envs (>=2.2)", "jaraco.path (>=3.2.0)", "pip (>=19.1)", "pip-run (>=8.8)", "pytest (>=6)", "pytest-black (>=0.3.7)", "pytest-checkdocs (>=2.4)", "pytest-cov", "pytest-enabler (>=1.3)", "pytest-flake8", "pytest-mypy (>=0.9.1)", "pytest-perf", "pytest-timeout", "pytest-xdist", "tomli-w (>=1.0.0)", "virtualenv (>=13.0.0)", "wheel"]
testing-integration = ["build[virtualenv]", "filelock (>=3.4.0)", "jaraco.envs (>=2.2)", "jaraco.path (>=3.2.0)", "pytest", "pytest-enabler", "pytest-xdist", "tomli", "virtualenv (>=13.0.0)", "wheel"]

[[package]]
name = "six"
version = "1.16.0"
description = "Python 2 and 3 compatibility utilities"
category = "main"
optional = false
python-versions = ">=2.7, !=3.0.*, !=3.1.*, !=3.2.*"

[[package]]
name = "stack-data"
version = "0.5.1"
description = "Extract data from python stack frames and tracebacks for informative displays"
category = "dev"
optional = false
python-versions = "*"

[package.dependencies]
asttokens = "*"
executing = "*"
pure-eval = "*"

[package.extras]
tests = ["cython", "littleutils", "pygments", "pytest", "typeguard"]

[[package]]
name = "tatsu"
version = "5.8.3"
description = "TatSu takes a grammar in a variation of EBNF as input, and outputs a memoizing PEG/Packrat parser in Python."
category = "main"
optional = false
python-versions = ">=3.8"

[package.extras]
future-regex = ["regex"]

[[package]]
name = "toml"
version = "0.10.2"
description = "Python Library for Tom's Obvious, Minimal Language"
category = "main"
optional = false
python-versions = ">=2.6, !=3.0.*, !=3.1.*, !=3.2.*"

[[package]]
name = "tomli"
version = "2.0.1"
description = "A lil' TOML parser"
category = "main"
optional = false
python-versions = ">=3.7"

[[package]]
name = "traitlets"
version = "5.5.0"
description = ""
category = "dev"
optional = false
python-versions = ">=3.7"

[package.extras]
docs = ["myst-parser", "pydata-sphinx-theme", "sphinx"]
test = ["pre-commit", "pytest"]

[[package]]
name = "uritemplate"
version = "4.1.1"
description = "Implementation of RFC 6570 URI Templates"
category = "main"
optional = false
python-versions = ">=3.6"

[[package]]
name = "urllib3"
version = "1.26.12"
description = "HTTP library with thread-safe connection pooling, file post, and more."
category = "main"
optional = false
python-versions = ">=2.7, !=3.0.*, !=3.1.*, !=3.2.*, !=3.3.*, !=3.4.*, !=3.5.*, <4"

[package.extras]
brotli = ["brotli (>=1.0.9)", "brotlicffi (>=0.8.0)", "brotlipy (>=0.6.0)"]
secure = ["certifi", "cryptography (>=1.3.4)", "idna (>=2.0.0)", "ipaddress", "pyOpenSSL (>=0.14)", "urllib3-secure-extra"]
socks = ["PySocks (>=1.5.6,!=1.5.7,<2.0)"]

[[package]]
name = "watchdog"
version = "2.2.0"
description = "Filesystem events monitoring"
category = "main"
optional = false
python-versions = ">=3.6"

[package.extras]
watchmedo = ["PyYAML (>=3.10)"]

[[package]]
name = "wcwidth"
version = "0.2.5"
description = "Measures the displayed width of unicode strings in a terminal"
category = "dev"
optional = false
python-versions = "*"

[[package]]
name = "win32-setctime"
version = "1.1.0"
description = "A small Python utility to set file creation time on Windows"
category = "main"
optional = false
python-versions = ">=3.5"

[package.extras]
dev = ["black (>=19.3b0)", "pytest (>=4.6.2)"]

[metadata]
lock-version = "1.1"
python-versions = "^3.10"
content-hash = "d74e8d771675e9feef1485ece2f9c6df50ed17771560dab648c4523cdde98e1a"

[metadata.files]
appnope = [
    {file = "appnope-0.1.3-py2.py3-none-any.whl", hash = "sha256:265a455292d0bd8a72453494fa24df5a11eb18373a60c7c0430889f22548605e"},
    {file = "appnope-0.1.3.tar.gz", hash = "sha256:02bd91c4de869fbb1e1c50aafc4098827a7a54ab2f39d9dcba6c9547ed920e24"},
]
arrow = [
    {file = "arrow-1.2.3-py3-none-any.whl", hash = "sha256:5a49ab92e3b7b71d96cd6bfcc4df14efefc9dfa96ea19045815914a6ab6b1fe2"},
    {file = "arrow-1.2.3.tar.gz", hash = "sha256:3934b30ca1b9f292376d9db15b19446088d12ec58629bc3f0da28fd55fb633a1"},
]
asttokens = [
    {file = "asttokens-2.0.8-py2.py3-none-any.whl", hash = "sha256:e3305297c744ae53ffa032c45dc347286165e4ffce6875dc662b205db0623d86"},
    {file = "asttokens-2.0.8.tar.gz", hash = "sha256:c61e16246ecfb2cde2958406b4c8ebc043c9e6d73aaa83c941673b35e5d3a76b"},
]
attr = [
    {file = "attr-0.3.2-py2.py3-none-any.whl", hash = "sha256:4f4bffeea8c27387bde446675a7ac24f3b8fea1075f12d849b5f5c5181fc8336"},
    {file = "attr-0.3.2.tar.gz", hash = "sha256:1ceebca768181cdcce9827611b1d728e592be5d293911539ea3d0b0bfa1146f4"},
]
attrs = [
    {file = "attrs-22.1.0-py2.py3-none-any.whl", hash = "sha256:86efa402f67bf2df34f51a335487cf46b1ec130d02b8d39fd248abfd30da551c"},
    {file = "attrs-22.1.0.tar.gz", hash = "sha256:29adc2665447e5191d0e7c568fde78b21f9672d344281d0c6e1ab085429b22b6"},
]
backcall = [
    {file = "backcall-0.2.0-py2.py3-none-any.whl", hash = "sha256:fbbce6a29f263178a1f7915c1940bde0ec2b2a967566fe1c65c1dfb7422bd255"},
    {file = "backcall-0.2.0.tar.gz", hash = "sha256:5cbdbf27be5e7cfadb448baf0aa95508f91f2bbc6c6437cd9cd06e2a4c215e1e"},
]
cachetools = [
    {file = "cachetools-5.2.0-py3-none-any.whl", hash = "sha256:f9f17d2aec496a9aa6b76f53e3b614c965223c061982d434d160f930c698a9db"},
    {file = "cachetools-5.2.0.tar.gz", hash = "sha256:6a94c6402995a99c3970cc7e4884bb60b4a8639938157eeed436098bf9831757"},
]
certifi = [
    {file = "certifi-2022.12.7-py3-none-any.whl", hash = "sha256:4ad3232f5e926d6718ec31cfc1fcadfde020920e278684144551c91769c7bc18"},
    {file = "certifi-2022.12.7.tar.gz", hash = "sha256:35824b4c3a97115964b408844d64aa14db1cc518f6562e8d7261699d1350a9e3"},
]
charset-normalizer = [
    {file = "charset-normalizer-2.1.1.tar.gz", hash = "sha256:5a3d016c7c547f69d6f81fb0db9449ce888b418b5b9952cc5e6e66843e9dd845"},
    {file = "charset_normalizer-2.1.1-py3-none-any.whl", hash = "sha256:83e9a75d1911279afd89352c68b45348559d1fc0506b054b346651b5e7fee29f"},
]
click = [
    {file = "click-8.1.3-py3-none-any.whl", hash = "sha256:bb4d8133cb15a609f44e8213d9b391b0809795062913b383c62be0ee95b1db48"},
    {file = "click-8.1.3.tar.gz", hash = "sha256:7682dc8afb30297001674575ea00d1814d808d6a36af415a82bd481d37ba7b8e"},
]
colorama = [
    {file = "colorama-0.4.4-py2.py3-none-any.whl", hash = "sha256:9f47eda37229f68eee03b24b9748937c7dc3868f906e8ba69fbcbdd3bc5dc3e2"},
    {file = "colorama-0.4.4.tar.gz", hash = "sha256:5941b2b48a20143d2267e95b1c2a7603ce057ee39fd88e7329b0c292aa16869b"},
]
decorator = [
    {file = "decorator-5.1.1-py3-none-any.whl", hash = "sha256:b8c3f85900b9dc423225913c5aace94729fe1fa9763b38939a95226f02d37186"},
    {file = "decorator-5.1.1.tar.gz", hash = "sha256:637996211036b6385ef91435e4fae22989472f9d571faba8927ba8253acbc330"},
]
exceptiongroup = [
    {file = "exceptiongroup-1.0.4-py3-none-any.whl", hash = "sha256:542adf9dea4055530d6e1279602fa5cb11dab2395fa650b8674eaec35fc4a828"},
    {file = "exceptiongroup-1.0.4.tar.gz", hash = "sha256:bd14967b79cd9bdb54d97323216f8fdf533e278df937aa2a90089e7d6e06e5ec"},
]
executing = [
    {file = "executing-1.1.1-py2.py3-none-any.whl", hash = "sha256:236ea5f059a38781714a8bfba46a70fad3479c2f552abee3bbafadc57ed111b8"},
    {file = "executing-1.1.1.tar.gz", hash = "sha256:b0d7f8dcc2bac47ce6e39374397e7acecea6fdc380a6d5323e26185d70f38ea8"},
]
google-api-core = [
    {file = "google-api-core-2.10.2.tar.gz", hash = "sha256:10c06f7739fe57781f87523375e8e1a3a4674bf6392cd6131a3222182b971320"},
    {file = "google_api_core-2.10.2-py3-none-any.whl", hash = "sha256:34f24bd1d5f72a8c4519773d99ca6bf080a6c4e041b4e9f024fe230191dda62e"},
]
google-api-python-client = [
    {file = "google-api-python-client-2.65.0.tar.gz", hash = "sha256:b8a0ca8454ad57bc65199044717d3d214197ae1e2d666426bbcd4021b36762e0"},
    {file = "google_api_python_client-2.65.0-py2.py3-none-any.whl", hash = "sha256:2c6611530308b3f931dcf1360713aa3a20cf465d0bf2bac65f2ec99e8c9860de"},
]
google-auth = [
    {file = "google-auth-2.13.0.tar.gz", hash = "sha256:9352dd6394093169157e6971526bab9a2799244d68a94a4a609f0dd751ef6f5e"},
    {file = "google_auth-2.13.0-py2.py3-none-any.whl", hash = "sha256:99510e664155f1a3c0396a076b5deb6367c52ea04d280152c85ac7f51f50eb42"},
]
google-auth-httplib2 = [
    {file = "google-auth-httplib2-0.1.0.tar.gz", hash = "sha256:a07c39fd632becacd3f07718dfd6021bf396978f03ad3ce4321d060015cc30ac"},
    {file = "google_auth_httplib2-0.1.0-py2.py3-none-any.whl", hash = "sha256:31e49c36c6b5643b57e82617cb3e021e3e1d2df9da63af67252c02fa9c1f4a10"},
]
googleapis-common-protos = [
    {file = "googleapis-common-protos-1.56.4.tar.gz", hash = "sha256:c25873c47279387cfdcbdafa36149887901d36202cb645a0e4f29686bf6e4417"},
    {file = "googleapis_common_protos-1.56.4-py2.py3-none-any.whl", hash = "sha256:8eb2cbc91b69feaf23e32452a7ae60e791e09967d81d4fcc7fc388182d1bd394"},
]
httplib2 = [
    {file = "httplib2-0.20.4-py3-none-any.whl", hash = "sha256:8b6a905cb1c79eefd03f8669fd993c36dc341f7c558f056cb5a33b5c2f458543"},
    {file = "httplib2-0.20.4.tar.gz", hash = "sha256:58a98e45b4b1a48273073f905d2961666ecf0fbac4250ea5b47aef259eb5c585"},
]
ibis = [
    {file = "ibis-3.2.0-py3-none-any.whl", hash = "sha256:2726d42176c52b4f6084db6460176ec88eaf50a52c4dcabf7a01bcbf444f595a"},
    {file = "ibis-3.2.0.tar.gz", hash = "sha256:79a5c3bfd22fde90c36b1b953ce4b5b5a7a8f86cdebf33807891eb925d643ed6"},
]
ics = [
    {file = "ics-0.7.2-py2.py3-none-any.whl", hash = "sha256:5fcf4d29ec6e7dfcb84120abd617bbba632eb77b097722b7df70e48dbcf26103"},
    {file = "ics-0.7.2.tar.gz", hash = "sha256:6743539bca10391635249b87d74fcd1094af20b82098bebf7c7521df91209f05"},
]
idna = [
    {file = "idna-3.4-py3-none-any.whl", hash = "sha256:90b77e79eaa3eba6de819a0c442c0b4ceefc341a7a2ab77d7562bf49f425c5c2"},
    {file = "idna-3.4.tar.gz", hash = "sha256:814f528e8dead7d329833b91c5faa87d60bf71824cd12a7530b5526063d02cb4"},
]
iniconfig = [
    {file = "iniconfig-1.1.1-py2.py3-none-any.whl", hash = "sha256:011e24c64b7f47f6ebd835bb12a743f2fbe9a26d4cecaa7f53bc4f35ee9da8b3"},
    {file = "iniconfig-1.1.1.tar.gz", hash = "sha256:bc3af051d7d14b2ee5ef9969666def0cd1a000e121eaea580d4a313df4b37f32"},
]
ipdb = [
    {file = "ipdb-0.13.9.tar.gz", hash = "sha256:951bd9a64731c444fd907a5ce268543020086a697f6be08f7cc2c9a752a278c5"},
]
ipython = [
    {file = "ipython-8.5.0-py3-none-any.whl", hash = "sha256:6f090e29ab8ef8643e521763a4f1f39dc3914db643122b1e9d3328ff2e43ada2"},
    {file = "ipython-8.5.0.tar.gz", hash = "sha256:097bdf5cd87576fd066179c9f7f208004f7a6864ee1b20f37d346c0bcb099f84"},
]
isort = [
    {file = "isort-5.10.1-py3-none-any.whl", hash = "sha256:6f62d78e2f89b4500b080fe3a81690850cd254227f27f75c3a0c491a1f351ba7"},
    {file = "isort-5.10.1.tar.gz", hash = "sha256:e8443a5e7a020e9d7f97f1d7d9cd17c88bcb3bc7e218bf9cf5095fe550be2951"},
]
jedi = [
    {file = "jedi-0.18.1-py2.py3-none-any.whl", hash = "sha256:637c9635fcf47945ceb91cd7f320234a7be540ded6f3e99a50cb6febdfd1ba8d"},
    {file = "jedi-0.18.1.tar.gz", hash = "sha256:74137626a64a99c8eb6ae5832d99b3bdd7d29a3850fe2aa80a4126b2a7d949ab"},
]
loguru = [
    {file = "loguru-0.6.0-py3-none-any.whl", hash = "sha256:4e2414d534a2ab57573365b3e6d0234dfb1d84b68b7f3b948e6fb743860a77c3"},
    {file = "loguru-0.6.0.tar.gz", hash = "sha256:066bd06758d0a513e9836fd9c6b5a75bfb3fd36841f4b996bc60b547a309d41c"},
]
matplotlib-inline = [
    {file = "matplotlib-inline-0.1.6.tar.gz", hash = "sha256:f887e5f10ba98e8d2b150ddcf4702c1e5f8b3a20005eb0f74bfdbd360ee6f304"},
    {file = "matplotlib_inline-0.1.6-py3-none-any.whl", hash = "sha256:f1f41aab5328aa5aaea9b16d083b128102f8712542f819fe7e6a420ff581b311"},
]
packaging = [
    {file = "packaging-21.3-py3-none-any.whl", hash = "sha256:ef103e05f519cdc783ae24ea4e2e0f508a9c99b2d4969652eed6a2e1ea5bd522"},
    {file = "packaging-21.3.tar.gz", hash = "sha256:dd47c42927d89ab911e606518907cc2d3a1f38bbd026385970643f9c5b8ecfeb"},
]
parso = [
    {file = "parso-0.8.3-py2.py3-none-any.whl", hash = "sha256:c001d4636cd3aecdaf33cbb40aebb59b094be2a74c556778ef5576c175e19e75"},
    {file = "parso-0.8.3.tar.gz", hash = "sha256:8c07be290bb59f03588915921e29e8a50002acaf2cdc5fa0e0114f91709fafa0"},
]
pexpect = [
    {file = "pexpect-4.8.0-py2.py3-none-any.whl", hash = "sha256:0b48a55dcb3c05f3329815901ea4fc1537514d6ba867a152b581d69ae3710937"},
    {file = "pexpect-4.8.0.tar.gz", hash = "sha256:fc65a43959d153d0114afe13997d439c22823a27cefceb5ff35c2178c6784c0c"},
]
pickleshare = [
    {file = "pickleshare-0.7.5-py2.py3-none-any.whl", hash = "sha256:9649af414d74d4df115d5d718f82acb59c9d418196b7b4290ed47a12ce62df56"},
    {file = "pickleshare-0.7.5.tar.gz", hash = "sha256:87683d47965c1da65cdacaf31c8441d12b8044cdec9aca500cd78fc2c683afca"},
]
pluggy = [
    {file = "pluggy-1.0.0-py2.py3-none-any.whl", hash = "sha256:74134bbf457f031a36d68416e1509f34bd5ccc019f0bcc952c7b909d06b37bd3"},
    {file = "pluggy-1.0.0.tar.gz", hash = "sha256:4224373bacce55f955a878bf9cfa763c1e360858e330072059e10bad68531159"},
]
prompt-toolkit = [
    {file = "prompt_toolkit-3.0.31-py3-none-any.whl", hash = "sha256:9696f386133df0fc8ca5af4895afe5d78f5fcfe5258111c2a79a1c3e41ffa96d"},
    {file = "prompt_toolkit-3.0.31.tar.gz", hash = "sha256:9ada952c9d1787f52ff6d5f3484d0b4df8952787c087edf6a1f7c2cb1ea88148"},
]
protobuf = [
    {file = "protobuf-4.21.9-cp310-abi3-win32.whl", hash = "sha256:6e0be9f09bf9b6cf497b27425487706fa48c6d1632ddd94dab1a5fe11a422392"},
    {file = "protobuf-4.21.9-cp310-abi3-win_amd64.whl", hash = "sha256:a7d0ea43949d45b836234f4ebb5ba0b22e7432d065394b532cdca8f98415e3cf"},
    {file = "protobuf-4.21.9-cp37-abi3-macosx_10_9_universal2.whl", hash = "sha256:b5ab0b8918c136345ff045d4b3d5f719b505b7c8af45092d7f45e304f55e50a1"},
    {file = "protobuf-4.21.9-cp37-abi3-manylinux2014_aarch64.whl", hash = "sha256:2c9c2ed7466ad565f18668aa4731c535511c5d9a40c6da39524bccf43e441719"},
    {file = "protobuf-4.21.9-cp37-abi3-manylinux2014_x86_64.whl", hash = "sha256:e575c57dc8b5b2b2caa436c16d44ef6981f2235eb7179bfc847557886376d740"},
    {file = "protobuf-4.21.9-cp37-cp37m-win32.whl", hash = "sha256:9227c14010acd9ae7702d6467b4625b6fe853175a6b150e539b21d2b2f2b409c"},
    {file = "protobuf-4.21.9-cp37-cp37m-win_amd64.whl", hash = "sha256:a419cc95fca8694804709b8c4f2326266d29659b126a93befe210f5bbc772536"},
    {file = "protobuf-4.21.9-cp38-cp38-win32.whl", hash = "sha256:5b0834e61fb38f34ba8840d7dcb2e5a2f03de0c714e0293b3963b79db26de8ce"},
    {file = "protobuf-4.21.9-cp38-cp38-win_amd64.whl", hash = "sha256:84ea107016244dfc1eecae7684f7ce13c788b9a644cd3fca5b77871366556444"},
    {file = "protobuf-4.21.9-cp39-cp39-win32.whl", hash = "sha256:f9eae277dd240ae19bb06ff4e2346e771252b0e619421965504bd1b1bba7c5fa"},
    {file = "protobuf-4.21.9-cp39-cp39-win_amd64.whl", hash = "sha256:6e312e280fbe3c74ea9e080d9e6080b636798b5e3939242298b591064470b06b"},
    {file = "protobuf-4.21.9-py2.py3-none-any.whl", hash = "sha256:7eb8f2cc41a34e9c956c256e3ac766cf4e1a4c9c925dc757a41a01be3e852965"},
    {file = "protobuf-4.21.9-py3-none-any.whl", hash = "sha256:48e2cd6b88c6ed3d5877a3ea40df79d08374088e89bedc32557348848dff250b"},
    {file = "protobuf-4.21.9.tar.gz", hash = "sha256:61f21493d96d2a77f9ca84fefa105872550ab5ef71d21c458eb80edcf4885a99"},
]
ptyprocess = [
    {file = "ptyprocess-0.7.0-py2.py3-none-any.whl", hash = "sha256:4b41f3967fce3af57cc7e94b888626c18bf37a083e3651ca8feeb66d492fef35"},
    {file = "ptyprocess-0.7.0.tar.gz", hash = "sha256:5c5d0a3b48ceee0b48485e0c26037c0acd7d29765ca3fbb5cb3831d347423220"},
]
pure-eval = [
    {file = "pure_eval-0.2.2-py3-none-any.whl", hash = "sha256:01eaab343580944bc56080ebe0a674b39ec44a945e6d09ba7db3cb8cec289350"},
    {file = "pure_eval-0.2.2.tar.gz", hash = "sha256:2b45320af6dfaa1750f543d714b6d1c520a1688dec6fd24d339063ce0aaa9ac3"},
]
pyasn1 = [
    {file = "pyasn1-0.4.8-py2.py3-none-any.whl", hash = "sha256:39c7e2ec30515947ff4e87fb6f456dfc6e84857d34be479c9d4a4ba4bf46aa5d"},
    {file = "pyasn1-0.4.8.tar.gz", hash = "sha256:aef77c9fb94a3ac588e87841208bdec464471d9871bd5050a287cc9a475cd0ba"},
]
pyasn1-modules = [
    {file = "pyasn1-modules-0.2.8.tar.gz", hash = "sha256:905f84c712230b2c592c19470d3ca8d552de726050d1d1716282a1f6146be65e"},
    {file = "pyasn1_modules-0.2.8-py2.py3-none-any.whl", hash = "sha256:a50b808ffeb97cb3601dd25981f6b016cbb3d31fbf57a8b8a87428e6158d0c74"},
]
pygments = [
    {file = "Pygments-2.13.0-py3-none-any.whl", hash = "sha256:f643f331ab57ba3c9d89212ee4a2dabc6e94f117cf4eefde99a0574720d14c42"},
    {file = "Pygments-2.13.0.tar.gz", hash = "sha256:56a8508ae95f98e2b9bdf93a6be5ae3f7d8af858b43e02c5a2ff083726be40c1"},
]
pyparsing = [
    {file = "pyparsing-3.0.9-py3-none-any.whl", hash = "sha256:5026bae9a10eeaefb61dab2f09052b9f4307d44aee4eda64b309723d8d206bbc"},
    {file = "pyparsing-3.0.9.tar.gz", hash = "sha256:2b020ecf7d21b687f219b71ecad3631f644a47f01403fa1d1036b0c6416d70fb"},
]
pytest = [
    {file = "pytest-7.2.0-py3-none-any.whl", hash = "sha256:892f933d339f068883b6fd5a459f03d85bfcb355e4981e146d2c7616c21fef71"},
    {file = "pytest-7.2.0.tar.gz", hash = "sha256:c4014eb40e10f11f355ad4e3c2fb2c6c6d1919c73f3b5a433de4708202cade59"},
]
python-dateutil = [
    {file = "python-dateutil-2.8.2.tar.gz", hash = "sha256:0123cacc1627ae19ddf3c27a5de5bd67ee4586fbdd6440d9748f8abb483d3e86"},
    {file = "python_dateutil-2.8.2-py2.py3-none-any.whl", hash = "sha256:961d03dc3453ebbc59dbdea9e4e11c5651520a876d0f4db161e8674aae935da9"},
]
python-decouple = [
    {file = "python-decouple-3.6.tar.gz", hash = "sha256:2838cdf77a5cf127d7e8b339ce14c25bceb3af3e674e039d4901ba16359968c7"},
    {file = "python_decouple-3.6-py3-none-any.whl", hash = "sha256:6cf502dc963a5c642ea5ead069847df3d916a6420cad5599185de6bab11d8c2e"},
]
rcssmin = [
    {file = "rcssmin-1.1.1-cp27-cp27m-manylinux1_i686.whl", hash = "sha256:d4e263fa9428704fd94c2cb565c7519ca1d225217943f71caffe6741ab5b9df1"},
    {file = "rcssmin-1.1.1-cp27-cp27m-manylinux1_x86_64.whl", hash = "sha256:c7278c1c25bb90d8e554df92cfb3b6a1195004ead50f764653d3093933ee0877"},
    {file = "rcssmin-1.1.1-cp27-cp27mu-manylinux1_i686.whl", hash = "sha256:f15673e97f0a68b4c378c4d15b088fe96d60bc106d278c88829923118833c20f"},
    {file = "rcssmin-1.1.1-cp27-cp27mu-manylinux1_x86_64.whl", hash = "sha256:d0afc6e7b64ef30d6dcde88830ec1a237b9f16a39f920a8fd159928684ccf8db"},
    {file = "rcssmin-1.1.1-cp310-cp310-manylinux1_i686.whl", hash = "sha256:705c9112d0ed54ea40aecf97e7fd29bdf0f1c46d278a32d8f957f31dde90778a"},
    {file = "rcssmin-1.1.1-cp310-cp310-manylinux1_x86_64.whl", hash = "sha256:f7a1fcdbafaacac0530da04edca4a44303baab430ea42e7d59aece4b3f3e9a51"},
    {file = "rcssmin-1.1.1-cp310-cp310-manylinux2014_aarch64.whl", hash = "sha256:cf74d7ea5e191f0f344b354eed8b7c83eeafbd9a97bec3a579c3d26edf11b005"},
    {file = "rcssmin-1.1.1-cp311-cp311-manylinux1_i686.whl", hash = "sha256:908fe072efd2432fb0975a61124609a8e05021367f6a3463d45f5e3e74c4fdda"},
    {file = "rcssmin-1.1.1-cp311-cp311-manylinux1_x86_64.whl", hash = "sha256:35da6a6999e9e2c5b0e691b42ed56cc479373e0ecab33ef5277dfecce625e44a"},
    {file = "rcssmin-1.1.1-cp311-cp311-manylinux2014_aarch64.whl", hash = "sha256:e923c105100ab70abde1c01d3196ddd6b07255e32073685542be4e3a60870c8e"},
    {file = "rcssmin-1.1.1-cp36-cp36m-manylinux1_i686.whl", hash = "sha256:868215e1fd0e92a6122e0ed5973dfc7bb8330fe1e92274d05b2585253b38c0ca"},
    {file = "rcssmin-1.1.1-cp36-cp36m-manylinux1_x86_64.whl", hash = "sha256:c7728e3b546b1b6ea08cab721e8e21409dbcc11b881d0b87d10b0be8930af2a2"},
    {file = "rcssmin-1.1.1-cp36-cp36m-manylinux2014_aarch64.whl", hash = "sha256:271e3d2f8614a6d4637ed8fff3d90007f03e2a654cd9444f37d888797662ba72"},
    {file = "rcssmin-1.1.1-cp37-cp37m-manylinux1_i686.whl", hash = "sha256:42576d95dfad53d77df2e68dfdec95b89b10fad320f241f1af3ca1438578254a"},
    {file = "rcssmin-1.1.1-cp37-cp37m-manylinux1_x86_64.whl", hash = "sha256:79421230dd67c37ec61ed9892813d2b839b68f2f48ef55c75f976e81701d60b4"},
    {file = "rcssmin-1.1.1-cp37-cp37m-manylinux2014_aarch64.whl", hash = "sha256:8fcfd10ae2a1c4ce231a33013f2539e07c3836bf17cc945cc25cc30bf8e68e45"},
    {file = "rcssmin-1.1.1-cp38-cp38-manylinux1_i686.whl", hash = "sha256:c30f8bc839747b6da59274e0c6e4361915d66532e26448d589cb2b1846d7bf11"},
    {file = "rcssmin-1.1.1-cp38-cp38-manylinux1_x86_64.whl", hash = "sha256:ee386bec6d62f8c814d65c011d604a7c82d24aa3f718facd66e850eea8d6a5a1"},
    {file = "rcssmin-1.1.1-cp38-cp38-manylinux2014_aarch64.whl", hash = "sha256:8a26fec3c1e6b7a3765ccbaccc20fbb5c0ed3422cc381e01a2607f08d7621c44"},
    {file = "rcssmin-1.1.1-cp39-cp39-manylinux1_i686.whl", hash = "sha256:a04d58a2a21e9a089306d3f99c4b12bf5b656a79c198ef2321e80f8fd9afab06"},
    {file = "rcssmin-1.1.1-cp39-cp39-manylinux1_x86_64.whl", hash = "sha256:914e589f40573035006913861ed2adc28fbe70082a8b6bff5be7ee430b7b5c2e"},
    {file = "rcssmin-1.1.1-cp39-cp39-manylinux2014_aarch64.whl", hash = "sha256:a417735d4023d47d048a6288c88dbceadd20abaaf65a11bb4fda1e8458057019"},
    {file = "rcssmin-1.1.1.tar.gz", hash = "sha256:4f9400b4366d29f5f5446f58e78549afa8338e6a59740c73115e9f6ac413dc64"},
]
requests = [
    {file = "requests-2.28.1-py3-none-any.whl", hash = "sha256:8fefa2a1a1365bf5520aac41836fbee479da67864514bdb821f31ce07ce65349"},
    {file = "requests-2.28.1.tar.gz", hash = "sha256:7c5599b102feddaa661c826c56ab4fee28bfd17f5abca1ebbe3e7f19d7c97983"},
]
rsa = [
    {file = "rsa-4.9-py3-none-any.whl", hash = "sha256:90260d9058e514786967344d0ef75fa8727eed8a7d2e43ce9f4bcf1b536174f7"},
    {file = "rsa-4.9.tar.gz", hash = "sha256:e38464a49c6c85d7f1351b0126661487a7e0a14a50f1675ec50eb34d4f20ef21"},
]
setuptools = [
    {file = "setuptools-65.6.3-py3-none-any.whl", hash = "sha256:57f6f22bde4e042978bcd50176fdb381d7c21a9efa4041202288d3737a0c6a54"},
    {file = "setuptools-65.6.3.tar.gz", hash = "sha256:a7620757bf984b58deaf32fc8a4577a9bbc0850cf92c20e1ce41c38c19e5fb75"},
]
six = [
    {file = "six-1.16.0-py2.py3-none-any.whl", hash = "sha256:8abb2f1d86890a2dfb989f9a77cfcfd3e47c2a354b01111771326f8aa26e0254"},
    {file = "six-1.16.0.tar.gz", hash = "sha256:1e61c37477a1626458e36f7b1d82aa5c9b094fa4802892072e49de9c60c4c926"},
]
stack-data = [
    {file = "stack_data-0.5.1-py3-none-any.whl", hash = "sha256:5120731a18ba4c82cefcf84a945f6f3e62319ef413bfc210e32aca3a69310ba2"},
    {file = "stack_data-0.5.1.tar.gz", hash = "sha256:95eb784942e861a3d80efd549ff9af6cf847d88343a12eb681d7157cfcb6e32b"},
]
tatsu = [
    {file = "TatSu-5.8.3-py2.py3-none-any.whl", hash = "sha256:0a836692e67247cad9f251e083b045b13345cc715e69a7fbc16522beaa0f2163"},
    {file = "TatSu-5.8.3.zip", hash = "sha256:571ecbcdf33b7828c05e5cd95a8e8ad06af111c2c83a6a245be4d8f7c43de7bb"},
]
toml = [
    {file = "toml-0.10.2-py2.py3-none-any.whl", hash = "sha256:806143ae5bfb6a3c6e736a764057db0e6a0e05e338b5630894a5f779cabb4f9b"},
    {file = "toml-0.10.2.tar.gz", hash = "sha256:b3bda1d108d5dd99f4a20d24d9c348e91c4db7ab1b749200bded2f839ccbe68f"},
]
tomli = [
    {file = "tomli-2.0.1-py3-none-any.whl", hash = "sha256:939de3e7a6161af0c887ef91b7d41a53e7c5a1ca976325f429cb46ea9bc30ecc"},
    {file = "tomli-2.0.1.tar.gz", hash = "sha256:de526c12914f0c550d15924c62d72abc48d6fe7364aa87328337a31007fe8a4f"},
]
traitlets = [
    {file = "traitlets-5.5.0-py3-none-any.whl", hash = "sha256:1201b2c9f76097195989cdf7f65db9897593b0dfd69e4ac96016661bb6f0d30f"},
    {file = "traitlets-5.5.0.tar.gz", hash = "sha256:b122f9ff2f2f6c1709dab289a05555be011c87828e911c0cf4074b85cb780a79"},
]
uritemplate = [
    {file = "uritemplate-4.1.1-py2.py3-none-any.whl", hash = "sha256:830c08b8d99bdd312ea4ead05994a38e8936266f84b9a7878232db50b044e02e"},
    {file = "uritemplate-4.1.1.tar.gz", hash = "sha256:4346edfc5c3b79f694bccd6d6099a322bbeb628dbf2cd86eea55a456ce5124f0"},
]
urllib3 = [
    {file = "urllib3-1.26.12-py2.py3-none-any.whl", hash = "sha256:b930dd878d5a8afb066a637fbb35144fe7901e3b209d1cd4f524bd0e9deee997"},
    {file = "urllib3-1.26.12.tar.gz", hash = "sha256:3fa96cf423e6987997fc326ae8df396db2a8b7c667747d47ddd8ecba91f4a74e"},
]
watchdog = [
    {file = "watchdog-2.2.0-cp310-cp310-macosx_10_9_universal2.whl", hash = "sha256:ed91c3ccfc23398e7aa9715abf679d5c163394b8cad994f34f156d57a7c163dc"},
    {file = "watchdog-2.2.0-cp310-cp310-macosx_10_9_x86_64.whl", hash = "sha256:76a2743402b794629a955d96ea2e240bd0e903aa26e02e93cd2d57b33900962b"},
    {file = "watchdog-2.2.0-cp310-cp310-macosx_11_0_arm64.whl", hash = "sha256:920a4bda7daa47545c3201a3292e99300ba81ca26b7569575bd086c865889090"},
    {file = "watchdog-2.2.0-cp311-cp311-macosx_10_9_universal2.whl", hash = "sha256:ceaa9268d81205876bedb1069f9feab3eccddd4b90d9a45d06a0df592a04cae9"},
    {file = "watchdog-2.2.0-cp311-cp311-macosx_10_9_x86_64.whl", hash = "sha256:1893d425ef4fb4f129ee8ef72226836619c2950dd0559bba022b0818c63a7b60"},
    {file = "watchdog-2.2.0-cp311-cp311-macosx_11_0_arm64.whl", hash = "sha256:9e99c1713e4436d2563f5828c8910e5ff25abd6ce999e75f15c15d81d41980b6"},
    {file = "watchdog-2.2.0-cp36-cp36m-macosx_10_9_x86_64.whl", hash = "sha256:a5bd9e8656d07cae89ac464ee4bcb6f1b9cecbedc3bf1334683bed3d5afd39ba"},
    {file = "watchdog-2.2.0-cp37-cp37m-macosx_10_9_x86_64.whl", hash = "sha256:3a048865c828389cb06c0bebf8a883cec3ae58ad3e366bcc38c61d8455a3138f"},
    {file = "watchdog-2.2.0-cp38-cp38-macosx_10_9_universal2.whl", hash = "sha256:e722755d995035dd32177a9c633d158f2ec604f2a358b545bba5bed53ab25bca"},
    {file = "watchdog-2.2.0-cp38-cp38-macosx_10_9_x86_64.whl", hash = "sha256:af4b5c7ba60206759a1d99811b5938ca666ea9562a1052b410637bb96ff97512"},
    {file = "watchdog-2.2.0-cp38-cp38-macosx_11_0_arm64.whl", hash = "sha256:619d63fa5be69f89ff3a93e165e602c08ed8da402ca42b99cd59a8ec115673e1"},
    {file = "watchdog-2.2.0-cp39-cp39-macosx_10_9_universal2.whl", hash = "sha256:1f2b0665c57358ce9786f06f5475bc083fea9d81ecc0efa4733fd0c320940a37"},
    {file = "watchdog-2.2.0-cp39-cp39-macosx_10_9_x86_64.whl", hash = "sha256:441024df19253bb108d3a8a5de7a186003d68564084576fecf7333a441271ef7"},
    {file = "watchdog-2.2.0-cp39-cp39-macosx_11_0_arm64.whl", hash = "sha256:1a410dd4d0adcc86b4c71d1317ba2ea2c92babaf5b83321e4bde2514525544d5"},
    {file = "watchdog-2.2.0-pp37-pypy37_pp73-macosx_10_9_x86_64.whl", hash = "sha256:28704c71afdb79c3f215c90231e41c52b056ea880b6be6cee035c6149d658ed1"},
    {file = "watchdog-2.2.0-pp38-pypy38_pp73-macosx_10_9_x86_64.whl", hash = "sha256:2ac0bd7c206bb6df78ef9e8ad27cc1346f2b41b1fef610395607319cdab89bc1"},
    {file = "watchdog-2.2.0-pp39-pypy39_pp73-macosx_10_9_x86_64.whl", hash = "sha256:27e49268735b3c27310883012ab3bd86ea0a96dcab90fe3feb682472e30c90f3"},
    {file = "watchdog-2.2.0-py3-none-manylinux2014_aarch64.whl", hash = "sha256:2af1a29fd14fc0a87fb6ed762d3e1ae5694dcde22372eebba50e9e5be47af03c"},
    {file = "watchdog-2.2.0-py3-none-manylinux2014_armv7l.whl", hash = "sha256:c7bd98813d34bfa9b464cf8122e7d4bec0a5a427399094d2c17dd5f70d59bc61"},
    {file = "watchdog-2.2.0-py3-none-manylinux2014_i686.whl", hash = "sha256:56fb3f40fc3deecf6e518303c7533f5e2a722e377b12507f6de891583f1b48aa"},
    {file = "watchdog-2.2.0-py3-none-manylinux2014_ppc64.whl", hash = "sha256:74535e955359d79d126885e642d3683616e6d9ab3aae0e7dcccd043bd5a3ff4f"},
    {file = "watchdog-2.2.0-py3-none-manylinux2014_ppc64le.whl", hash = "sha256:cf05e6ff677b9655c6e9511d02e9cc55e730c4e430b7a54af9c28912294605a4"},
    {file = "watchdog-2.2.0-py3-none-manylinux2014_s390x.whl", hash = "sha256:d6ae890798a3560688b441ef086bb66e87af6b400a92749a18b856a134fc0318"},
    {file = "watchdog-2.2.0-py3-none-manylinux2014_x86_64.whl", hash = "sha256:e5aed2a700a18c194c39c266900d41f3db0c1ebe6b8a0834b9995c835d2ca66e"},
    {file = "watchdog-2.2.0-py3-none-win32.whl", hash = "sha256:d0fb5f2b513556c2abb578c1066f5f467d729f2eb689bc2db0739daf81c6bb7e"},
    {file = "watchdog-2.2.0-py3-none-win_amd64.whl", hash = "sha256:1f8eca9d294a4f194ce9df0d97d19b5598f310950d3ac3dd6e8d25ae456d4c8a"},
    {file = "watchdog-2.2.0-py3-none-win_ia64.whl", hash = "sha256:ad0150536469fa4b693531e497ffe220d5b6cd76ad2eda474a5e641ee204bbb6"},
    {file = "watchdog-2.2.0.tar.gz", hash = "sha256:83cf8bc60d9c613b66a4c018051873d6273d9e45d040eed06d6a96241bd8ec01"},
]
wcwidth = [
    {file = "wcwidth-0.2.5-py2.py3-none-any.whl", hash = "sha256:beb4802a9cebb9144e99086eff703a642a13d6a0052920003a230f3294bbe784"},
    {file = "wcwidth-0.2.5.tar.gz", hash = "sha256:c4d647b99872929fdb7bdcaa4fbe7f01413ed3d98077df798530e5b04f116c83"},
]
win32-setctime = [
    {file = "win32_setctime-1.1.0-py3-none-any.whl", hash = "sha256:231db239e959c2fe7eb1d7dc129f11172354f98361c4fa2d6d2d7e278baa8aad"},
    {file = "win32_setctime-1.1.0.tar.gz", hash = "sha256:15cf5750465118d6929ae4de4eb46e8edae9a5634350c01ba582df868e932cb2"},
]
